
Microsoft Visual Studio Solution File, Format Version 12.00
# Visual Studio Version 16
VisualStudioVersion = 16.0.30804.86
MinimumVisualStudioVersion = 10.0.40219.1
Project("{9A19103F-16F7-4668-BE54-9A1E7A4F7556}") = "BaristaApi", "BaristaApi.csproj", "{3EB9DB8E-920A-4A91-A130-515A812A5CB1}"
EndProject
Project("{9A19103F-16F7-4668-BE54-9A1E7A4F7556}") = "BaristaApi.Test", "..\BaristaApi.Test\BaristaApi.Test.csproj", "{6ED2E229-3781-4CC2-BD76-05CE8713E112}"
EndProject
Global
	GlobalSection(SolutionConfigurationPlatforms) = preSolution
		Debug|Any CPU = Debug|Any CPU
		Release|Any CPU = Release|Any CPU
	EndGlobalSection
	GlobalSection(ProjectConfigurationPlatforms) = postSolution
		{3EB9DB8E-920A-4A91-A130-515A812A5CB1}.Debug|Any CPU.ActiveCfg = Debug|Any CPU
		{3EB9DB8E-920A-4A91-A130-515A812A5CB1}.Debug|Any CPU.Build.0 = Debug|Any CPU
		{3EB9DB8E-920A-4A91-A130-515A812A5CB1}.Release|Any CPU.ActiveCfg = Release|Any CPU
		{3EB9DB8E-920A-4A91-A130-515A812A5CB1}.Release|Any CPU.Build.0 = Release|Any CPU
		{6ED2E229-3781-4CC2-BD76-05CE8713E112}.Debug|Any CPU.ActiveCfg = Debug|Any CPU
		{6ED2E229-3781-4CC2-BD76-05CE8713E112}.Debug|Any CPU.Build.0 = Debug|Any CPU
		{6ED2E229-3781-4CC2-BD76-05CE8713E112}.Release|Any CPU.ActiveCfg = Release|Any CPU
		{6ED2E229-3781-4CC2-BD76-05CE8713E112}.Release|Any CPU.Build.0 = Release|Any CPU
	EndGlobalSection
	GlobalSection(SolutionProperties) = preSolution
		HideSolutionNode = FALSE
	EndGlobalSection
	GlobalSection(ExtensibilityGlobals) = postSolution
		SolutionGuid = {EC8A7699-1B23-4F8A-AED4-F441C3929F8D}
	EndGlobalSection
EndGlobal
